// !$*UTF8*$!
{
	archiveVersion = 1;
	classes = {
	};
	objectVersion = 56;
	objects = {

/* Begin PBXBuildFile section */
		04972A402C7C3BE20088AA0E /* AppDelegate.swift in Sources */ = {isa = PBXBuildFile; fileRef = 04972A3F2C7C3BE20088AA0E /* AppDelegate.swift */; };
		04972A422C7C3BE20088AA0E /* SceneDelegate.swift in Sources */ = {isa = PBXBuildFile; fileRef = 04972A412C7C3BE20088AA0E /* SceneDelegate.swift */; };
		04972A442C7C3BE20088AA0E /* MainViewController.swift in Sources */ = {isa = PBXBuildFile; fileRef = 04972A432C7C3BE20088AA0E /* MainViewController.swift */; };
		04972A472C7C3BE20088AA0E /* Base in Resources */ = {isa = PBXBuildFile; fileRef = 04972A462C7C3BE20088AA0E /* Base */; };
		04972A4A2C7C3BE20088AA0E /* hyeolgiwanseong.xcdatamodeld in Sources */ = {isa = PBXBuildFile; fileRef = 04972A482C7C3BE20088AA0E /* hyeolgiwanseong.xcdatamodeld */; };
		04972A4C2C7C3BE40088AA0E /* Assets.xcassets in Resources */ = {isa = PBXBuildFile; fileRef = 04972A4B2C7C3BE40088AA0E /* Assets.xcassets */; };
		04972A4F2C7C3BE40088AA0E /* Base in Resources */ = {isa = PBXBuildFile; fileRef = 04972A4E2C7C3BE40088AA0E /* Base */; };
		04A694AE2C8ED41F00FF74FC /* MeasurementViewController.swift in Sources */ = {isa = PBXBuildFile; fileRef = 04A694AD2C8ED41F00FF74FC /* MeasurementViewController.swift */; };
		04A943D82C8705F40010D855 /* Trial+CoreDataClass.swift in Sources */ = {isa = PBXBuildFile; fileRef = 04A943D42C8705F40010D855 /* Trial+CoreDataClass.swift */; };
		04A943D92C8705F40010D855 /* Trial+CoreDataProperties.swift in Sources */ = {isa = PBXBuildFile; fileRef = 04A943D52C8705F40010D855 /* Trial+CoreDataProperties.swift */; };
		04A943DA2C8705F40010D855 /* Measurement+CoreDataClass.swift in Sources */ = {isa = PBXBuildFile; fileRef = 04A943D62C8705F40010D855 /* Measurement+CoreDataClass.swift */; };
		04A943DB2C8705F40010D855 /* Measurement+CoreDataProperties.swift in Sources */ = {isa = PBXBuildFile; fileRef = 04A943D72C8705F40010D855 /* Measurement+CoreDataProperties.swift */; };
		04A943DF2C8844B30010D855 /* Memo.storyboard in Resources */ = {isa = PBXBuildFile; fileRef = 04A943DE2C8844B30010D855 /* Memo.storyboard */; };
		04A943E12C8844DB0010D855 /* MemoViewController.swift in Sources */ = {isa = PBXBuildFile; fileRef = 04A943E02C8844DB0010D855 /* MemoViewController.swift */; };
		04A943E92C8AD2B30010D855 /* Measurement.storyboard in Resources */ = {isa = PBXBuildFile; fileRef = 04A943E82C8AD2B30010D855 /* Measurement.storyboard */; };
/* End PBXBuildFile section */

/* Begin PBXFileReference section */
		04972A3C2C7C3BE20088AA0E /* hyeolgiwanseong.app */ = {isa = PBXFileReference; explicitFileType = wrapper.application; includeInIndex = 0; path = hyeolgiwanseong.app; sourceTree = BUILT_PRODUCTS_DIR; };
		04972A3F2C7C3BE20088AA0E /* AppDelegate.swift */ = {isa = PBXFileReference; lastKnownFileType = sourcecode.swift; path = AppDelegate.swift; sourceTree = "<group>"; };
		04972A412C7C3BE20088AA0E /* SceneDelegate.swift */ = {isa = PBXFileReference; lastKnownFileType = sourcecode.swift; path = SceneDelegate.swift; sourceTree = "<group>"; };
		04972A432C7C3BE20088AA0E /* MainViewController.swift */ = {isa = PBXFileReference; lastKnownFileType = sourcecode.swift; path = MainViewController.swift; sourceTree = "<group>"; };
		04972A462C7C3BE20088AA0E /* Base */ = {isa = PBXFileReference; lastKnownFileType = file.storyboard; name = Base; path = Base.lproj/Main.storyboard; sourceTree = "<group>"; };
		04972A492C7C3BE20088AA0E /* hyeolgiwanseong.xcdatamodel */ = {isa = PBXFileReference; lastKnownFileType = wrapper.xcdatamodel; path = hyeolgiwanseong.xcdatamodel; sourceTree = "<group>"; };
		04972A4B2C7C3BE40088AA0E /* Assets.xcassets */ = {isa = PBXFileReference; lastKnownFileType = folder.assetcatalog; path = Assets.xcassets; sourceTree = "<group>"; };
		04972A4E2C7C3BE40088AA0E /* Base */ = {isa = PBXFileReference; lastKnownFileType = file.storyboard; name = Base; path = Base.lproj/LaunchScreen.storyboard; sourceTree = "<group>"; };
		04972A502C7C3BE40088AA0E /* Info.plist */ = {isa = PBXFileReference; lastKnownFileType = text.plist.xml; path = Info.plist; sourceTree = "<group>"; };
		04A694AD2C8ED41F00FF74FC /* MeasurementViewController.swift */ = {isa = PBXFileReference; lastKnownFileType = sourcecode.swift; path = MeasurementViewController.swift; sourceTree = "<group>"; };
		04A943D42C8705F40010D855 /* Trial+CoreDataClass.swift */ = {isa = PBXFileReference; lastKnownFileType = sourcecode.swift; path = "Trial+CoreDataClass.swift"; sourceTree = "<group>"; };
		04A943D52C8705F40010D855 /* Trial+CoreDataProperties.swift */ = {isa = PBXFileReference; lastKnownFileType = sourcecode.swift; path = "Trial+CoreDataProperties.swift"; sourceTree = "<group>"; };
		04A943D62C8705F40010D855 /* Measurement+CoreDataClass.swift */ = {isa = PBXFileReference; lastKnownFileType = sourcecode.swift; path = "Measurement+CoreDataClass.swift"; sourceTree = "<group>"; };
		04A943D72C8705F40010D855 /* Measurement+CoreDataProperties.swift */ = {isa = PBXFileReference; lastKnownFileType = sourcecode.swift; path = "Measurement+CoreDataProperties.swift"; sourceTree = "<group>"; };
		04A943DE2C8844B30010D855 /* Memo.storyboard */ = {isa = PBXFileReference; lastKnownFileType = file.storyboard; path = Memo.storyboard; sourceTree = "<group>"; };
		04A943E02C8844DB0010D855 /* MemoViewController.swift */ = {isa = PBXFileReference; lastKnownFileType = sourcecode.swift; path = MemoViewController.swift; sourceTree = "<group>"; };
		04A943E82C8AD2B30010D855 /* Measurement.storyboard */ = {isa = PBXFileReference; lastKnownFileType = file.storyboard; path = Measurement.storyboard; sourceTree = "<group>"; };
/* End PBXFileReference section */

/* Begin PBXFrameworksBuildPhase section */
		04972A392C7C3BE20088AA0E /* Frameworks */ = {
			isa = PBXFrameworksBuildPhase;
			buildActionMask = 2147483647;
			files = (
			);
			runOnlyForDeploymentPostprocessing = 0;
		};
/* End PBXFrameworksBuildPhase section */

/* Begin PBXGroup section */
		04972A332C7C3BE20088AA0E = {
			isa = PBXGroup;
			children = (
				04972A3E2C7C3BE20088AA0E /* hyeolgiwanseong */,
				04972A3D2C7C3BE20088AA0E /* Products */,
			);
			sourceTree = "<group>";
		};
		04972A3D2C7C3BE20088AA0E /* Products */ = {
			isa = PBXGroup;
			children = (
				04972A3C2C7C3BE20088AA0E /* hyeolgiwanseong.app */,
			);
			name = Products;
			sourceTree = "<group>";
		};
		04972A3E2C7C3BE20088AA0E /* hyeolgiwanseong */ = {
			isa = PBXGroup;
			children = (
				04972A3F2C7C3BE20088AA0E /* AppDelegate.swift */,
				04972A412C7C3BE20088AA0E /* SceneDelegate.swift */,
				04A9437B2C86F6D60010D855 /* Model */,
				04A943DC2C8843F60010D855 /* Views */,
				04A943DD2C88440B0010D855 /* Controller */,
				04972A4B2C7C3BE40088AA0E /* Assets.xcassets */,
				04972A4D2C7C3BE40088AA0E /* LaunchScreen.storyboard */,
				04972A502C7C3BE40088AA0E /* Info.plist */,
			);
			path = hyeolgiwanseong;
			sourceTree = "<group>";
		};
		04A9437B2C86F6D60010D855 /* Model */ = {
			isa = PBXGroup;
			children = (
				04972A482C7C3BE20088AA0E /* hyeolgiwanseong.xcdatamodeld */,
				04A943D42C8705F40010D855 /* Trial+CoreDataClass.swift */,
				04A943D52C8705F40010D855 /* Trial+CoreDataProperties.swift */,
				04A943D62C8705F40010D855 /* Measurement+CoreDataClass.swift */,
				04A943D72C8705F40010D855 /* Measurement+CoreDataProperties.swift */,
			);
			path = Model;
			sourceTree = "<group>";
		};
		04A943DC2C8843F60010D855 /* Views */ = {
			isa = PBXGroup;
			children = (
				04972A452C7C3BE20088AA0E /* Main.storyboard */,
				04A943DE2C8844B30010D855 /* Memo.storyboard */,
				04A943E82C8AD2B30010D855 /* Measurement.storyboard */,
			);
			path = Views;
			sourceTree = "<group>";
		};
		04A943DD2C88440B0010D855 /* Controller */ = {
			isa = PBXGroup;
			children = (
				04972A432C7C3BE20088AA0E /* MainViewController.swift */,
				04A943E02C8844DB0010D855 /* MemoViewController.swift */,
				04A694AD2C8ED41F00FF74FC /* MeasurementViewController.swift */,
			);
			path = Controller;
			sourceTree = "<group>";
		};
/* End PBXGroup section */

/* Begin PBXNativeTarget section */
		04972A3B2C7C3BE20088AA0E /* hyeolgiwanseong */ = {
			isa = PBXNativeTarget;
			buildConfigurationList = 04972A532C7C3BE40088AA0E /* Build configuration list for PBXNativeTarget "hyeolgiwanseong" */;
			buildPhases = (
				04972A382C7C3BE20088AA0E /* Sources */,
				04972A392C7C3BE20088AA0E /* Frameworks */,
				04972A3A2C7C3BE20088AA0E /* Resources */,
			);
			buildRules = (
			);
			dependencies = (
			);
			name = hyeolgiwanseong;
			productName = hyeolgiwanseong;
			productReference = 04972A3C2C7C3BE20088AA0E /* hyeolgiwanseong.app */;
			productType = "com.apple.product-type.application";
		};
/* End PBXNativeTarget section */

/* Begin PBXProject section */
		04972A342C7C3BE20088AA0E /* Project object */ = {
			isa = PBXProject;
			attributes = {
				BuildIndependentTargetsInParallel = 1;
				LastSwiftUpdateCheck = 1540;
				LastUpgradeCheck = 1540;
				TargetAttributes = {
					04972A3B2C7C3BE20088AA0E = {
						CreatedOnToolsVersion = 15.4;
					};
				};
			};
			buildConfigurationList = 04972A372C7C3BE20088AA0E /* Build configuration list for PBXProject "hyeolgiwanseong" */;
			compatibilityVersion = "Xcode 14.0";
			developmentRegion = en;
			hasScannedForEncodings = 0;
			knownRegions = (
				en,
				Base,
			);
			mainGroup = 04972A332C7C3BE20088AA0E;
			productRefGroup = 04972A3D2C7C3BE20088AA0E /* Products */;
			projectDirPath = "";
			projectRoot = "";
			targets = (
				04972A3B2C7C3BE20088AA0E /* hyeolgiwanseong */,
			);
		};
/* End PBXProject section */

/* Begin PBXResourcesBuildPhase section */
		04972A3A2C7C3BE20088AA0E /* Resources */ = {
			isa = PBXResourcesBuildPhase;
			buildActionMask = 2147483647;
			files = (
				04A943DF2C8844B30010D855 /* Memo.storyboard in Resources */,
				04A943E92C8AD2B30010D855 /* Measurement.storyboard in Resources */,
				04972A4C2C7C3BE40088AA0E /* Assets.xcassets in Resources */,
				04972A4F2C7C3BE40088AA0E /* Base in Resources */,
				04972A472C7C3BE20088AA0E /* Base in Resources */,
			);
			runOnlyForDeploymentPostprocessing = 0;
		};
/* End PBXResourcesBuildPhase section */

/* Begin PBXSourcesBuildPhase section */
		04972A382C7C3BE20088AA0E /* Sources */ = {
			isa = PBXSourcesBuildPhase;
			buildActionMask = 2147483647;
			files = (
				04A694AE2C8ED41F00FF74FC /* MeasurementViewController.swift in Sources */,
				04A943D82C8705F40010D855 /* Trial+CoreDataClass.swift in Sources */,
				04A943D92C8705F40010D855 /* Trial+CoreDataProperties.swift in Sources */,
				04A943DA2C8705F40010D855 /* Measurement+CoreDataClass.swift in Sources */,
				04A943DB2C8705F40010D855 /* Measurement+CoreDataProperties.swift in Sources */,
				04972A442C7C3BE20088AA0E /* MainViewController.swift in Sources */,
				04972A402C7C3BE20088AA0E /* AppDelegate.swift in Sources */,
				04972A422C7C3BE20088AA0E /* SceneDelegate.swift in Sources */,
				04972A4A2C7C3BE20088AA0E /* hyeolgiwanseong.xcdatamodeld in Sources */,
				04A943E12C8844DB0010D855 /* MemoViewController.swift in Sources */,
			);
			runOnlyForDeploymentPostprocessing = 0;
		};
/* End PBXSourcesBuildPhase section */

/* Begin PBXVariantGroup section */
		04972A452C7C3BE20088AA0E /* Main.storyboard */ = {
			isa = PBXVariantGroup;
			children = (
				04972A462C7C3BE20088AA0E /* Base */,
			);
			name = Main.storyboard;
			sourceTree = "<group>";
		};
		04972A4D2C7C3BE40088AA0E /* LaunchScreen.storyboard */ = {
			isa = PBXVariantGroup;
			children = (
				04972A4E2C7C3BE40088AA0E /* Base */,
			);
			name = LaunchScreen.storyboard;
			sourceTree = "<group>";
		};
/* End PBXVariantGroup section */

/* Begin XCBuildConfiguration section */
		04972A512C7C3BE40088AA0E /* Debug */ = {
			isa = XCBuildConfiguration;
			buildSettings = {
				ALWAYS_SEARCH_USER_PATHS = NO;
				ASSETCATALOG_COMPILER_GENERATE_SWIFT_ASSET_SYMBOL_EXTENSIONS = YES;
				CLANG_ANALYZER_NONNULL = YES;
				CLANG_ANALYZER_NUMBER_OBJECT_CONVERSION = YES_AGGRESSIVE;
				CLANG_CXX_LANGUAGE_STANDARD = "gnu++20";
				CLANG_ENABLE_MODULES = YES;
				CLANG_ENABLE_OBJC_ARC = YES;
				CLANG_ENABLE_OBJC_WEAK = YES;
				CLANG_WARN_BLOCK_CAPTURE_AUTORELEASING = YES;
				CLANG_WARN_BOOL_CONVERSION = YES;
				CLANG_WARN_COMMA = YES;
				CLANG_WARN_CONSTANT_CONVERSION = YES;
				CLANG_WARN_DEPRECATED_OBJC_IMPLEMENTATIONS = YES;
				CLANG_WARN_DIRECT_OBJC_ISA_USAGE = YES_ERROR;
				CLANG_WARN_DOCUMENTATION_COMMENTS = YES;
				CLANG_WARN_EMPTY_BODY = YES;
				CLANG_WARN_ENUM_CONVERSION = YES;
				CLANG_WARN_INFINITE_RECURSION = YES;
				CLANG_WARN_INT_CONVERSION = YES;
				CLANG_WARN_NON_LITERAL_NULL_CONVERSION = YES;
				CLANG_WARN_OBJC_IMPLICIT_RETAIN_SELF = YES;
				CLANG_WARN_OBJC_LITERAL_CONVERSION = YES;
				CLANG_WARN_OBJC_ROOT_CLASS = YES_ERROR;
				CLANG_WARN_QUOTED_INCLUDE_IN_FRAMEWORK_HEADER = YES;
				CLANG_WARN_RANGE_LOOP_ANALYSIS = YES;
				CLANG_WARN_STRICT_PROTOTYPES = YES;
				CLANG_WARN_SUSPICIOUS_MOVE = YES;
				CLANG_WARN_UNGUARDED_AVAILABILITY = YES_AGGRESSIVE;
				CLANG_WARN_UNREACHABLE_CODE = YES;
				CLANG_WARN__DUPLICATE_METHOD_MATCH = YES;
				COPY_PHASE_STRIP = NO;
				DEBUG_INFORMATION_FORMAT = dwarf;
				ENABLE_STRICT_OBJC_MSGSEND = YES;
				ENABLE_TESTABILITY = YES;
				ENABLE_USER_SCRIPT_SANDBOXING = YES;
				GCC_C_LANGUAGE_STANDARD = gnu17;
				GCC_DYNAMIC_NO_PIC = NO;
				GCC_NO_COMMON_BLOCKS = YES;
				GCC_OPTIMIZATION_LEVEL = 0;
				GCC_PREPROCESSOR_DEFINITIONS = (
					"DEBUG=1",
					"$(inherited)",
				);
				GCC_WARN_64_TO_32_BIT_CONVERSION = YES;
				GCC_WARN_ABOUT_RETURN_TYPE = YES_ERROR;
				GCC_WARN_UNDECLARED_SELECTOR = YES;
				GCC_WARN_UNINITIALIZED_AUTOS = YES_AGGRESSIVE;
				GCC_WARN_UNUSED_FUNCTION = YES;
				GCC_WARN_UNUSED_VARIABLE = YES;
				IPHONEOS_DEPLOYMENT_TARGET = 17.5;
				LOCALIZATION_PREFERS_STRING_CATALOGS = YES;
				MTL_ENABLE_DEBUG_INFO = INCLUDE_SOURCE;
				MTL_FAST_MATH = YES;
				ONLY_ACTIVE_ARCH = YES;
				SDKROOT = iphoneos;
				SWIFT_ACTIVE_COMPILATION_CONDITIONS = "DEBUG $(inherited)";
				SWIFT_OPTIMIZATION_LEVEL = "-Onone";
			};
			name = Debug;
		};
		04972A522C7C3BE40088AA0E /* Release */ = {
			isa = XCBuildConfiguration;
			buildSettings = {
				ALWAYS_SEARCH_USER_PATHS = NO;
				ASSETCATALOG_COMPILER_GENERATE_SWIFT_ASSET_SYMBOL_EXTENSIONS = YES;
				CLANG_ANALYZER_NONNULL = YES;
				CLANG_ANALYZER_NUMBER_OBJECT_CONVERSION = YES_AGGRESSIVE;
				CLANG_CXX_LANGUAGE_STANDARD = "gnu++20";
				CLANG_ENABLE_MODULES = YES;
				CLANG_ENABLE_OBJC_ARC = YES;
				CLANG_ENABLE_OBJC_WEAK = YES;
				CLANG_WARN_BLOCK_CAPTURE_AUTORELEASING = YES;
				CLANG_WARN_BOOL_CONVERSION = YES;
				CLANG_WARN_COMMA = YES;
				CLANG_WARN_CONSTANT_CONVERSION = YES;
				CLANG_WARN_DEPRECATED_OBJC_IMPLEMENTATIONS = YES;
				CLANG_WARN_DIRECT_OBJC_ISA_USAGE = YES_ERROR;
				CLANG_WARN_DOCUMENTATION_COMMENTS = YES;
				CLANG_WARN_EMPTY_BODY = YES;
				CLANG_WARN_ENUM_CONVERSION = YES;
				CLANG_WARN_INFINITE_RECURSION = YES;
				CLANG_WARN_INT_CONVERSION = YES;
				CLANG_WARN_NON_LITERAL_NULL_CONVERSION = YES;
				CLANG_WARN_OBJC_IMPLICIT_RETAIN_SELF = YES;
				CLANG_WARN_OBJC_LITERAL_CONVERSION = YES;
				CLANG_WARN_OBJC_ROOT_CLASS = YES_ERROR;
				CLANG_WARN_QUOTED_INCLUDE_IN_FRAMEWORK_HEADER = YES;
				CLANG_WARN_RANGE_LOOP_ANALYSIS = YES;
				CLANG_WARN_STRICT_PROTOTYPES = YES;
				CLANG_WARN_SUSPICIOUS_MOVE = YES;
				CLANG_WARN_UNGUARDED_AVAILABILITY = YES_AGGRESSIVE;
				CLANG_WARN_UNREACHABLE_CODE = YES;
				CLANG_WARN__DUPLICATE_METHOD_MATCH = YES;
				COPY_PHASE_STRIP = NO;
				DEBUG_INFORMATION_FORMAT = "dwarf-with-dsym";
				ENABLE_NS_ASSERTIONS = NO;
				ENABLE_STRICT_OBJC_MSGSEND = YES;
				ENABLE_USER_SCRIPT_SANDBOXING = YES;
				GCC_C_LANGUAGE_STANDARD = gnu17;
				GCC_NO_COMMON_BLOCKS = YES;
				GCC_WARN_64_TO_32_BIT_CONVERSION = YES;
				GCC_WARN_ABOUT_RETURN_TYPE = YES_ERROR;
				GCC_WARN_UNDECLARED_SELECTOR = YES;
				GCC_WARN_UNINITIALIZED_AUTOS = YES_AGGRESSIVE;
				GCC_WARN_UNUSED_FUNCTION = YES;
				GCC_WARN_UNUSED_VARIABLE = YES;
				IPHONEOS_DEPLOYMENT_TARGET = 17.5;
				LOCALIZATION_PREFERS_STRING_CATALOGS = YES;
				MTL_ENABLE_DEBUG_INFO = NO;
				MTL_FAST_MATH = YES;
				SDKROOT = iphoneos;
				SWIFT_COMPILATION_MODE = wholemodule;
				VALIDATE_PRODUCT = YES;
			};
			name = Release;
		};
		04972A542C7C3BE40088AA0E /* Debug */ = {
			isa = XCBuildConfiguration;
			buildSettings = {
				ASSETCATALOG_COMPILER_APPICON_NAME = AppIcon;
				ASSETCATALOG_COMPILER_GLOBAL_ACCENT_COLOR_NAME = AccentColor;
				CODE_SIGN_STYLE = Automatic;
				CURRENT_PROJECT_VERSION = 1;
				DEVELOPMENT_TEAM = J5Q8B29KR5;
				GENERATE_INFOPLIST_FILE = YES;
				INFOPLIST_FILE = hyeolgiwanseong/Info.plist;
				INFOPLIST_KEY_UIApplicationSupportsIndirectInputEvents = YES;
				INFOPLIST_KEY_UILaunchStoryboardName = LaunchScreen;
				INFOPLIST_KEY_UIMainStoryboardFile = Main;
				INFOPLIST_KEY_UISupportedInterfaceOrientations_iPad = "UIInterfaceOrientationPortrait UIInterfaceOrientationPortraitUpsideDown UIInterfaceOrientationLandscapeLeft UIInterfaceOrientationLandscapeRight";
				INFOPLIST_KEY_UISupportedInterfaceOrientations_iPhone = "UIInterfaceOrientationPortrait UIInterfaceOrientationLandscapeLeft UIInterfaceOrientationLandscapeRight";
				LD_RUNPATH_SEARCH_PATHS = (
					"$(inherited)",
					"@executable_path/Frameworks",
				);
				MARKETING_VERSION = 1.0;
				PRODUCT_BUNDLE_IDENTIFIER = com.heowan.hyeolgiwanseong;
				PRODUCT_NAME = "$(TARGET_NAME)";
				SWIFT_EMIT_LOC_STRINGS = YES;
				SWIFT_VERSION = 5.0;
				TARGETED_DEVICE_FAMILY = "1,2";
			};
			name = Debug;
		};
		04972A552C7C3BE40088AA0E /* Release */ = {
			isa = XCBuildConfiguration;
			buildSettings = {
				ASSETCATALOG_COMPILER_APPICON_NAME = AppIcon;
				ASSETCATALOG_COMPILER_GLOBAL_ACCENT_COLOR_NAME = AccentColor;
				CODE_SIGN_STYLE = Automatic;
				CURRENT_PROJECT_VERSION = 1;
				DEVELOPMENT_TEAM = J5Q8B29KR5;
				GENERATE_INFOPLIST_FILE = YES;
				INFOPLIST_FILE = hyeolgiwanseong/Info.plist;
				INFOPLIST_KEY_UIApplicationSupportsIndirectInputEvents = YES;
				INFOPLIST_KEY_UILaunchStoryboardName = LaunchScreen;
				INFOPLIST_KEY_UIMainStoryboardFile = Main;
				INFOPLIST_KEY_UISupportedInterfaceOrientations_iPad = "UIInterfaceOrientationPortrait UIInterfaceOrientationPortraitUpsideDown UIInterfaceOrientationLandscapeLeft UIInterfaceOrientationLandscapeRight";
				INFOPLIST_KEY_UISupportedInterfaceOrientations_iPhone = "UIInterfaceOrientationPortrait UIInterfaceOrientationLandscapeLeft UIInterfaceOrientationLandscapeRight";
				LD_RUNPATH_SEARCH_PATHS = (
					"$(inherited)",
					"@executable_path/Frameworks",
				);
				MARKETING_VERSION = 1.0;
				PRODUCT_BUNDLE_IDENTIFIER = com.heowan.hyeolgiwanseong;
				PRODUCT_NAME = "$(TARGET_NAME)";
				SWIFT_EMIT_LOC_STRINGS = YES;
				SWIFT_VERSION = 5.0;
				TARGETED_DEVICE_FAMILY = "1,2";
			};
			name = Release;
		};
/* End XCBuildConfiguration section */

/* Begin XCConfigurationList section */
		04972A372C7C3BE20088AA0E /* Build configuration list for PBXProject "hyeolgiwanseong" */ = {
			isa = XCConfigurationList;
			buildConfigurations = (
				04972A512C7C3BE40088AA0E /* Debug */,
				04972A522C7C3BE40088AA0E /* Release */,
			);
			defaultConfigurationIsVisible = 0;
			defaultConfigurationName = Release;
		};
		04972A532C7C3BE40088AA0E /* Build configuration list for PBXNativeTarget "hyeolgiwanseong" */ = {
			isa = XCConfigurationList;
			buildConfigurations = (
				04972A542C7C3BE40088AA0E /* Debug */,
				04972A552C7C3BE40088AA0E /* Release */,
			);
			defaultConfigurationIsVisible = 0;
			defaultConfigurationName = Release;
		};
/* End XCConfigurationList section */

/* Begin XCVersionGroup section */
		04972A482C7C3BE20088AA0E /* hyeolgiwanseong.xcdatamodeld */ = {
			isa = XCVersionGroup;
			children = (
				04972A492C7C3BE20088AA0E /* hyeolgiwanseong.xcdatamodel */,
			);
			currentVersion = 04972A492C7C3BE20088AA0E /* hyeolgiwanseong.xcdatamodel */;
			path = hyeolgiwanseong.xcdatamodeld;
			sourceTree = "<group>";
			versionGroupType = wrapper.xcdatamodel;
		};
/* End XCVersionGroup section */
	};
	rootObject = 04972A342C7C3BE20088AA0E /* Project object */;
}
